
Microsoft Visual Studio Solution File, Format Version 12.00
# Visual Studio 15
VisualStudioVersion = 15.0.28307.271
MinimumVisualStudioVersion = 10.0.40219.1
Project("{2150E333-8FDC-42A3-9474-1A3956D46DE8}") = "Microservices", "Microservices", "{E36EA6C7-326A-4133-AA59-52A4D4CD055C}"
EndProject
Project("{2150E333-8FDC-42A3-9474-1A3956D46DE8}") = "Domain", "Domain", "{BD3317C7-FF9D-44AB-A850-939393EF0F29}"
EndProject
Project("{2150E333-8FDC-42A3-9474-1A3956D46DE8}") = "Infra.Bus", "Infra.Bus", "{6E860983-6318-404F-AE26-F3AB19062FBC}"
EndProject
Project("{2150E333-8FDC-42A3-9474-1A3956D46DE8}") = "Infra.IoC", "Infra.IoC", "{99411725-905F-401F-8A25-0FAE1B841976}"
EndProject
Project("{2150E333-8FDC-42A3-9474-1A3956D46DE8}") = "Presentation", "Presentation", "{6F63FC62-3C52-43DF-8342-8FAE02CFC7E6}"
EndProject
Project("{9A19103F-16F7-4668-BE54-9A1E7A4F7556}") = "MicroRabbit.Domain.Core", "MicroRabbit.Domain.Core\MicroRabbit.Domain.Core.csproj", "{4699EAA7-AF2D-4D1A-A177-9DF7066D1166}"
EndProject
Project("{9A19103F-16F7-4668-BE54-9A1E7A4F7556}") = "MicroRabbit.Infra.Bus", "MicroRabbit.Infra.Bus\MicroRabbit.Infra.Bus.csproj", "{B542E2AB-AD7A-4504-8EEF-DE8712F739D1}"
EndProject
Project("{FAE04EC0-301F-11D3-BF4B-00C04F79EFBC}") = "MicroRabbit.Infra.IoC", "MicroRabbit.Infra.IoC\MicroRabbit.Infra.IoC.csproj", "{0931D964-A089-4A52-BC5D-B70CD2106922}"
EndProject
Project("{2150E333-8FDC-42A3-9474-1A3956D46DE8}") = "Banking", "Banking", "{BAFE2FC8-BAAF-495D-9206-A82170D14374}"
EndProject
Project("{2150E333-8FDC-42A3-9474-1A3956D46DE8}") = "Api", "Api", "{2FA641B6-66AF-4A5E-B511-AEE481BEE201}"
EndProject
Project("{2150E333-8FDC-42A3-9474-1A3956D46DE8}") = "Application", "Application", "{2F6358D2-0EA7-426B-8391-CAE428BCAB5A}"
EndProject
Project("{2150E333-8FDC-42A3-9474-1A3956D46DE8}") = "Data", "Data", "{9E7B0DE3-5D3A-4B07-AAC0-A66FFF0F8600}"
EndProject
Project("{2150E333-8FDC-42A3-9474-1A3956D46DE8}") = "Domain", "Domain", "{68B05576-395B-4B11-BC42-C13097F78A75}"
EndProject
Project("{FAE04EC0-301F-11D3-BF4B-00C04F79EFBC}") = "MicroRabbit.Banking.Api", "MicroRabbit.Banking.Api\MicroRabbit.Banking.Api.csproj", "{01ED840C-264C-47DB-8451-39318AF0570A}"
EndProject
Project("{FAE04EC0-301F-11D3-BF4B-00C04F79EFBC}") = "MicroRabbit.Banking.Application", "MicroRabbit.Banking.Application\MicroRabbit.Banking.Application.csproj", "{B8240737-91A1-40EA-9568-3FB7027151B1}"
EndProject
Project("{FAE04EC0-301F-11D3-BF4B-00C04F79EFBC}") = "MicroRabbit.Banking.Data", "MicroRabbit.Banking.Data\MicroRabbit.Banking.Data.csproj", "{5786DAAF-54C9-42EC-96C8-B9FD834A712D}"
EndProject
Project("{FAE04EC0-301F-11D3-BF4B-00C04F79EFBC}") = "MicroRabbit.Banking.Domain", "MicroRabbit.Banking.Domain\MicroRabbit.Banking.Domain.csproj", "{95A9F987-FB78-49BC-8FEE-264A8B08D8A6}"
EndProject
Global
	GlobalSection(SolutionConfigurationPlatforms) = preSolution
		Debug|Any CPU = Debug|Any CPU
		Release|Any CPU = Release|Any CPU
	EndGlobalSection
	GlobalSection(ProjectConfigurationPlatforms) = postSolution
		{4699EAA7-AF2D-4D1A-A177-9DF7066D1166}.Debug|Any CPU.ActiveCfg = Debug|Any CPU
		{4699EAA7-AF2D-4D1A-A177-9DF7066D1166}.Debug|Any CPU.Build.0 = Debug|Any CPU
		{4699EAA7-AF2D-4D1A-A177-9DF7066D1166}.Release|Any CPU.ActiveCfg = Release|Any CPU
		{4699EAA7-AF2D-4D1A-A177-9DF7066D1166}.Release|Any CPU.Build.0 = Release|Any CPU
		{B542E2AB-AD7A-4504-8EEF-DE8712F739D1}.Debug|Any CPU.ActiveCfg = Debug|Any CPU
		{B542E2AB-AD7A-4504-8EEF-DE8712F739D1}.Debug|Any CPU.Build.0 = Debug|Any CPU
		{B542E2AB-AD7A-4504-8EEF-DE8712F739D1}.Release|Any CPU.ActiveCfg = Release|Any CPU
		{B542E2AB-AD7A-4504-8EEF-DE8712F739D1}.Release|Any CPU.Build.0 = Release|Any CPU
		{0931D964-A089-4A52-BC5D-B70CD2106922}.Debug|Any CPU.ActiveCfg = Debug|Any CPU
		{0931D964-A089-4A52-BC5D-B70CD2106922}.Debug|Any CPU.Build.0 = Debug|Any CPU
		{0931D964-A089-4A52-BC5D-B70CD2106922}.Release|Any CPU.ActiveCfg = Release|Any CPU
		{0931D964-A089-4A52-BC5D-B70CD2106922}.Release|Any CPU.Build.0 = Release|Any CPU
		{01ED840C-264C-47DB-8451-39318AF0570A}.Debug|Any CPU.ActiveCfg = Debug|Any CPU
		{01ED840C-264C-47DB-8451-39318AF0570A}.Debug|Any CPU.Build.0 = Debug|Any CPU
		{01ED840C-264C-47DB-8451-39318AF0570A}.Release|Any CPU.ActiveCfg = Release|Any CPU
		{01ED840C-264C-47DB-8451-39318AF0570A}.Release|Any CPU.Build.0 = Release|Any CPU
		{B8240737-91A1-40EA-9568-3FB7027151B1}.Debug|Any CPU.ActiveCfg = Debug|Any CPU
		{B8240737-91A1-40EA-9568-3FB7027151B1}.Debug|Any CPU.Build.0 = Debug|Any CPU
		{B8240737-91A1-40EA-9568-3FB7027151B1}.Release|Any CPU.ActiveCfg = Release|Any CPU
		{B8240737-91A1-40EA-9568-3FB7027151B1}.Release|Any CPU.Build.0 = Release|Any CPU
		{5786DAAF-54C9-42EC-96C8-B9FD834A712D}.Debug|Any CPU.ActiveCfg = Debug|Any CPU
		{5786DAAF-54C9-42EC-96C8-B9FD834A712D}.Debug|Any CPU.Build.0 = Debug|Any CPU
		{5786DAAF-54C9-42EC-96C8-B9FD834A712D}.Release|Any CPU.ActiveCfg = Release|Any CPU
		{5786DAAF-54C9-42EC-96C8-B9FD834A712D}.Release|Any CPU.Build.0 = Release|Any CPU
		{95A9F987-FB78-49BC-8FEE-264A8B08D8A6}.Debug|Any CPU.ActiveCfg = Debug|Any CPU
		{95A9F987-FB78-49BC-8FEE-264A8B08D8A6}.Debug|Any CPU.Build.0 = Debug|Any CPU
		{95A9F987-FB78-49BC-8FEE-264A8B08D8A6}.Release|Any CPU.ActiveCfg = Release|Any CPU
		{95A9F987-FB78-49BC-8FEE-264A8B08D8A6}.Release|Any CPU.Build.0 = Release|Any CPU
	EndGlobalSection
	GlobalSection(SolutionProperties) = preSolution
		HideSolutionNode = FALSE
	EndGlobalSection
	GlobalSection(NestedProjects) = preSolution
		{4699EAA7-AF2D-4D1A-A177-9DF7066D1166} = {BD3317C7-FF9D-44AB-A850-939393EF0F29}
		{B542E2AB-AD7A-4504-8EEF-DE8712F739D1} = {6E860983-6318-404F-AE26-F3AB19062FBC}
		{0931D964-A089-4A52-BC5D-B70CD2106922} = {99411725-905F-401F-8A25-0FAE1B841976}
		{BAFE2FC8-BAAF-495D-9206-A82170D14374} = {E36EA6C7-326A-4133-AA59-52A4D4CD055C}
		{2FA641B6-66AF-4A5E-B511-AEE481BEE201} = {BAFE2FC8-BAAF-495D-9206-A82170D14374}
		{2F6358D2-0EA7-426B-8391-CAE428BCAB5A} = {BAFE2FC8-BAAF-495D-9206-A82170D14374}
		{9E7B0DE3-5D3A-4B07-AAC0-A66FFF0F8600} = {BAFE2FC8-BAAF-495D-9206-A82170D14374}
		{68B05576-395B-4B11-BC42-C13097F78A75} = {BAFE2FC8-BAAF-495D-9206-A82170D14374}
		{01ED840C-264C-47DB-8451-39318AF0570A} = {2FA641B6-66AF-4A5E-B511-AEE481BEE201}
		{B8240737-91A1-40EA-9568-3FB7027151B1} = {2F6358D2-0EA7-426B-8391-CAE428BCAB5A}
		{5786DAAF-54C9-42EC-96C8-B9FD834A712D} = {9E7B0DE3-5D3A-4B07-AAC0-A66FFF0F8600}
		{95A9F987-FB78-49BC-8FEE-264A8B08D8A6} = {68B05576-395B-4B11-BC42-C13097F78A75}
	EndGlobalSection
	GlobalSection(ExtensibilityGlobals) = postSolution
		SolutionGuid = {B2AE552D-553D-41FD-9076-1722185A6203}
	EndGlobalSection
EndGlobal
